// !$*UTF8*$!
{
	archiveVersion = 1;
	classes = {
	};
	objectVersion = 50;
	objects = {

/* Begin PBXBuildFile section */
		471DB7FA23EF73710052DBE0 /* APIManager.m in Sources */ = {isa = PBXBuildFile; fileRef = 471DB7F923EF73710052DBE0 /* APIManager.m */; };
		471DB7FE23F005FC0052DBE0 /* APIEntryError.m in Sources */ = {isa = PBXBuildFile; fileRef = 471DB7FD23F005FC0052DBE0 /* APIEntryError.m */; };
		471DB80223F00C4E0052DBE0 /* TMDBJSONParser.m in Sources */ = {isa = PBXBuildFile; fileRef = 471DB80123F00C4E0052DBE0 /* TMDBJSONParser.m */; };
		471DB80C23F0BB580052DBE0 /* TMDBaseModel.m in Sources */ = {isa = PBXBuildFile; fileRef = 471DB80B23F0BB580052DBE0 /* TMDBaseModel.m */; };
		471DB81223F15B660052DBE0 /* APIHelper.m in Sources */ = {isa = PBXBuildFile; fileRef = 471DB81123F15B660052DBE0 /* APIHelper.m */; };
		47535B7923EEDA90009B2038 /* Assets.xcassets in Resources */ = {isa = PBXBuildFile; fileRef = 47535B7823EEDA90009B2038 /* Assets.xcassets */; };
		47535B7F23EEDA90009B2038 /* main.m in Sources */ = {isa = PBXBuildFile; fileRef = 47535B7E23EEDA90009B2038 /* main.m */; };
		47535B8D23EEDCB5009B2038 /* AppDelegate.m in Sources */ = {isa = PBXBuildFile; fileRef = 47535B8B23EEDCB5009B2038 /* AppDelegate.m */; };
		47535B8E23EEDCB5009B2038 /* SceneDelegate.m in Sources */ = {isa = PBXBuildFile; fileRef = 47535B8C23EEDCB5009B2038 /* SceneDelegate.m */; };
		47535B9123EEDCC4009B2038 /* TMDBListViewController.m in Sources */ = {isa = PBXBuildFile; fileRef = 47535B8F23EEDCC4009B2038 /* TMDBListViewController.m */; };
		47535BBE23EEDD62009B2038 /* LaunchScreen.storyboard in Resources */ = {isa = PBXBuildFile; fileRef = 47535BBA23EEDD62009B2038 /* LaunchScreen.storyboard */; };
		47535BBF23EEDD62009B2038 /* Main.storyboard in Resources */ = {isa = PBXBuildFile; fileRef = 47535BBC23EEDD62009B2038 /* Main.storyboard */; };
		47535BC223EEE1FB009B2038 /* TMDBMovie.m in Sources */ = {isa = PBXBuildFile; fileRef = 47535BC123EEE1FB009B2038 /* TMDBMovie.m */; };
		47535BC523EEF43E009B2038 /* TMDBNowPlayingResponse.m in Sources */ = {isa = PBXBuildFile; fileRef = 47535BC423EEF43E009B2038 /* TMDBNowPlayingResponse.m */; };
		47535BC823EEF5D0009B2038 /* TMDBDate.m in Sources */ = {isa = PBXBuildFile; fileRef = 47535BC723EEF5D0009B2038 /* TMDBDate.m */; };
		47535BCB23EEF9F4009B2038 /* TMDBSearchResponse.m in Sources */ = {isa = PBXBuildFile; fileRef = 47535BCA23EEF9F4009B2038 /* TMDBSearchResponse.m */; };
		47535BCE23EF2E40009B2038 /* TMDBBaseResponse.m in Sources */ = {isa = PBXBuildFile; fileRef = 47535BCD23EF2E40009B2038 /* TMDBBaseResponse.m */; };
/* End PBXBuildFile section */

/* Begin PBXFileReference section */
		471DB7F823EF73710052DBE0 /* APIManager.h */ = {isa = PBXFileReference; fileEncoding = 4; lastKnownFileType = sourcecode.c.h; name = APIManager.h; path = TheMoviesDB/Controller/APIs/APIManager.h; sourceTree = SOURCE_ROOT; };
		471DB7F923EF73710052DBE0 /* APIManager.m */ = {isa = PBXFileReference; fileEncoding = 4; lastKnownFileType = sourcecode.c.objc; name = APIManager.m; path = TheMoviesDB/Controller/APIs/APIManager.m; sourceTree = SOURCE_ROOT; };
		471DB7FC23F005FC0052DBE0 /* APIEntryError.h */ = {isa = PBXFileReference; lastKnownFileType = sourcecode.c.h; path = APIEntryError.h; sourceTree = "<group>"; };
		471DB7FD23F005FC0052DBE0 /* APIEntryError.m */ = {isa = PBXFileReference; lastKnownFileType = sourcecode.c.objc; path = APIEntryError.m; sourceTree = "<group>"; };
		471DB80023F00C4E0052DBE0 /* TMDBJSONParser.h */ = {isa = PBXFileReference; lastKnownFileType = sourcecode.c.h; path = TMDBJSONParser.h; sourceTree = "<group>"; };
		471DB80123F00C4E0052DBE0 /* TMDBJSONParser.m */ = {isa = PBXFileReference; lastKnownFileType = sourcecode.c.objc; path = TMDBJSONParser.m; sourceTree = "<group>"; };
		471DB80623F024F30052DBE0 /* TMDBParserProtocol.h */ = {isa = PBXFileReference; lastKnownFileType = sourcecode.c.h; path = TMDBParserProtocol.h; sourceTree = "<group>"; };
		471DB80923F0B0160052DBE0 /* APIKeys.h */ = {isa = PBXFileReference; lastKnownFileType = sourcecode.c.h; path = APIKeys.h; sourceTree = "<group>"; };
		471DB80A23F0BB580052DBE0 /* TMDBaseModel.h */ = {isa = PBXFileReference; lastKnownFileType = sourcecode.c.h; path = TMDBaseModel.h; sourceTree = "<group>"; };
		471DB80B23F0BB580052DBE0 /* TMDBaseModel.m */ = {isa = PBXFileReference; lastKnownFileType = sourcecode.c.objc; path = TMDBaseModel.m; sourceTree = "<group>"; };
		471DB81023F15B660052DBE0 /* APIHelper.h */ = {isa = PBXFileReference; lastKnownFileType = sourcecode.c.h; path = APIHelper.h; sourceTree = "<group>"; };
		471DB81123F15B660052DBE0 /* APIHelper.m */ = {isa = PBXFileReference; lastKnownFileType = sourcecode.c.objc; path = APIHelper.m; sourceTree = "<group>"; };
		47535B6923EEDA8E009B2038 /* TheMoviesDB.app */ = {isa = PBXFileReference; explicitFileType = wrapper.application; includeInIndex = 0; path = TheMoviesDB.app; sourceTree = BUILT_PRODUCTS_DIR; };
		47535B7823EEDA90009B2038 /* Assets.xcassets */ = {isa = PBXFileReference; lastKnownFileType = folder.assetcatalog; path = Assets.xcassets; sourceTree = "<group>"; };
		47535B7E23EEDA90009B2038 /* main.m */ = {isa = PBXFileReference; lastKnownFileType = sourcecode.c.objc; name = main.m; path = ../main.m; sourceTree = "<group>"; };
		47535B8923EEDCB5009B2038 /* AppDelegate.h */ = {isa = PBXFileReference; fileEncoding = 4; lastKnownFileType = sourcecode.c.h; path = AppDelegate.h; sourceTree = "<group>"; };
		47535B8A23EEDCB5009B2038 /* SceneDelegate.h */ = {isa = PBXFileReference; fileEncoding = 4; lastKnownFileType = sourcecode.c.h; path = SceneDelegate.h; sourceTree = "<group>"; };
		47535B8B23EEDCB5009B2038 /* AppDelegate.m */ = {isa = PBXFileReference; fileEncoding = 4; lastKnownFileType = sourcecode.c.objc; path = AppDelegate.m; sourceTree = "<group>"; };
		47535B8C23EEDCB5009B2038 /* SceneDelegate.m */ = {isa = PBXFileReference; fileEncoding = 4; lastKnownFileType = sourcecode.c.objc; path = SceneDelegate.m; sourceTree = "<group>"; };
		47535B8F23EEDCC4009B2038 /* TMDBListViewController.m */ = {isa = PBXFileReference; fileEncoding = 4; lastKnownFileType = sourcecode.c.objc; path = TMDBListViewController.m; sourceTree = "<group>"; };
		47535B9023EEDCC4009B2038 /* TMDBListViewController.h */ = {isa = PBXFileReference; fileEncoding = 4; lastKnownFileType = sourcecode.c.h; path = TMDBListViewController.h; sourceTree = "<group>"; };
		47535BBB23EEDD62009B2038 /* Base */ = {isa = PBXFileReference; lastKnownFileType = file.storyboard; name = Base; path = Base.lproj/LaunchScreen.storyboard; sourceTree = "<group>"; };
		47535BBD23EEDD62009B2038 /* Base */ = {isa = PBXFileReference; lastKnownFileType = file.storyboard; name = Base; path = Base.lproj/Main.storyboard; sourceTree = "<group>"; };
		47535BC023EEE1FB009B2038 /* TMDBMovie.h */ = {isa = PBXFileReference; lastKnownFileType = sourcecode.c.h; path = TMDBMovie.h; sourceTree = "<group>"; };
		47535BC123EEE1FB009B2038 /* TMDBMovie.m */ = {isa = PBXFileReference; lastKnownFileType = sourcecode.c.objc; path = TMDBMovie.m; sourceTree = "<group>"; };
		47535BC323EEF43E009B2038 /* TMDBNowPlayingResponse.h */ = {isa = PBXFileReference; lastKnownFileType = sourcecode.c.h; path = TMDBNowPlayingResponse.h; sourceTree = "<group>"; };
		47535BC423EEF43E009B2038 /* TMDBNowPlayingResponse.m */ = {isa = PBXFileReference; lastKnownFileType = sourcecode.c.objc; path = TMDBNowPlayingResponse.m; sourceTree = "<group>"; };
		47535BC623EEF5CF009B2038 /* TMDBDate.h */ = {isa = PBXFileReference; lastKnownFileType = sourcecode.c.h; path = TMDBDate.h; sourceTree = "<group>"; };
		47535BC723EEF5D0009B2038 /* TMDBDate.m */ = {isa = PBXFileReference; lastKnownFileType = sourcecode.c.objc; path = TMDBDate.m; sourceTree = "<group>"; };
		47535BC923EEF9F4009B2038 /* TMDBSearchResponse.h */ = {isa = PBXFileReference; lastKnownFileType = sourcecode.c.h; path = TMDBSearchResponse.h; sourceTree = "<group>"; };
		47535BCA23EEF9F4009B2038 /* TMDBSearchResponse.m */ = {isa = PBXFileReference; lastKnownFileType = sourcecode.c.objc; path = TMDBSearchResponse.m; sourceTree = "<group>"; };
		47535BCC23EF2E40009B2038 /* TMDBBaseResponse.h */ = {isa = PBXFileReference; lastKnownFileType = sourcecode.c.h; path = TMDBBaseResponse.h; sourceTree = "<group>"; };
		47535BCD23EF2E40009B2038 /* TMDBBaseResponse.m */ = {isa = PBXFileReference; lastKnownFileType = sourcecode.c.objc; path = TMDBBaseResponse.m; sourceTree = "<group>"; };
/* End PBXFileReference section */

/* Begin PBXFrameworksBuildPhase section */
		47535B6623EEDA8E009B2038 /* Frameworks */ = {
			isa = PBXFrameworksBuildPhase;
			buildActionMask = 2147483647;
			files = (
			);
			runOnlyForDeploymentPostprocessing = 0;
		};
/* End PBXFrameworksBuildPhase section */

/* Begin PBXGroup section */
		471DB7FB23EF737B0052DBE0 /* API */ = {
			isa = PBXGroup;
			children = (
				471DB80923F0B0160052DBE0 /* APIKeys.h */,
				471DB81023F15B660052DBE0 /* APIHelper.h */,
				471DB81123F15B660052DBE0 /* APIHelper.m */,
				471DB7FC23F005FC0052DBE0 /* APIEntryError.h */,
				471DB7FD23F005FC0052DBE0 /* APIEntryError.m */,
				471DB7F823EF73710052DBE0 /* APIManager.h */,
				471DB7F923EF73710052DBE0 /* APIManager.m */,
			);
			path = API;
			sourceTree = "<group>";
		};
		471DB7FF23F00C390052DBE0 /* Parser */ = {
			isa = PBXGroup;
			children = (
				471DB80023F00C4E0052DBE0 /* TMDBJSONParser.h */,
				471DB80123F00C4E0052DBE0 /* TMDBJSONParser.m */,
			);
			path = Parser;
			sourceTree = "<group>";
		};
		471DB81323F17F420052DBE0 /* Extensoins */ = {
			isa = PBXGroup;
			children = (
			);
			path = Extensoins;
			sourceTree = "<group>";
		};
		47535B6023EEDA8E009B2038 = {
			isa = PBXGroup;
			children = (
				47535B6B23EEDA8E009B2038 /* TheMoviesDB */,
				47535B6A23EEDA8E009B2038 /* Products */,
			);
			sourceTree = "<group>";
		};
		47535B6A23EEDA8E009B2038 /* Products */ = {
			isa = PBXGroup;
			children = (
				47535B6923EEDA8E009B2038 /* TheMoviesDB.app */,
			);
			name = Products;
			sourceTree = "<group>";
		};
		47535B6B23EEDA8E009B2038 /* TheMoviesDB */ = {
			isa = PBXGroup;
			children = (
				471DB81323F17F420052DBE0 /* Extensoins */,
				47535B8823EEDB13009B2038 /* Supporting Files */,
				47535B8523EEDAF4009B2038 /* Model */,
				47535BB923EEDD62009B2038 /* View */,
				47535B8723EEDB05009B2038 /* Controller */,
			);
			path = TheMoviesDB;
			sourceTree = "<group>";
		};
		47535B8523EEDAF4009B2038 /* Model */ = {
			isa = PBXGroup;
			children = (
				471DB80623F024F30052DBE0 /* TMDBParserProtocol.h */,
				471DB80A23F0BB580052DBE0 /* TMDBaseModel.h */,
				471DB80B23F0BB580052DBE0 /* TMDBaseModel.m */,
				47535BC023EEE1FB009B2038 /* TMDBMovie.h */,
				47535BC123EEE1FB009B2038 /* TMDBMovie.m */,
				47535BC623EEF5CF009B2038 /* TMDBDate.h */,
				47535BC723EEF5D0009B2038 /* TMDBDate.m */,
				47535BCF23EF2E4C009B2038 /* Responses */,
			);
			path = Model;
			sourceTree = "<group>";
		};
		47535B8723EEDB05009B2038 /* Controller */ = {
			isa = PBXGroup;
			children = (
				471DB7FF23F00C390052DBE0 /* Parser */,
				471DB7FB23EF737B0052DBE0 /* API */,
				47535B9023EEDCC4009B2038 /* TMDBListViewController.h */,
				47535B8F23EEDCC4009B2038 /* TMDBListViewController.m */,
			);
			path = Controller;
			sourceTree = "<group>";
		};
		47535B8823EEDB13009B2038 /* Supporting Files */ = {
			isa = PBXGroup;
			children = (
				47535B7823EEDA90009B2038 /* Assets.xcassets */,
				47535B7E23EEDA90009B2038 /* main.m */,
				47535B8923EEDCB5009B2038 /* AppDelegate.h */,
				47535B8B23EEDCB5009B2038 /* AppDelegate.m */,
				47535B8A23EEDCB5009B2038 /* SceneDelegate.h */,
				47535B8C23EEDCB5009B2038 /* SceneDelegate.m */,
			);
			path = "Supporting Files";
			sourceTree = "<group>";
		};
		47535BB923EEDD62009B2038 /* View */ = {
			isa = PBXGroup;
			children = (
				47535BBA23EEDD62009B2038 /* LaunchScreen.storyboard */,
				47535BBC23EEDD62009B2038 /* Main.storyboard */,
			);
			name = View;
			path = TheMoviesDB/View;
			sourceTree = SOURCE_ROOT;
		};
		47535BCF23EF2E4C009B2038 /* Responses */ = {
			isa = PBXGroup;
			children = (
				47535BCC23EF2E40009B2038 /* TMDBBaseResponse.h */,
				47535BCD23EF2E40009B2038 /* TMDBBaseResponse.m */,
				47535BC323EEF43E009B2038 /* TMDBNowPlayingResponse.h */,
				47535BC423EEF43E009B2038 /* TMDBNowPlayingResponse.m */,
				47535BC923EEF9F4009B2038 /* TMDBSearchResponse.h */,
				47535BCA23EEF9F4009B2038 /* TMDBSearchResponse.m */,
			);
			path = Responses;
			sourceTree = "<group>";
		};
/* End PBXGroup section */

/* Begin PBXNativeTarget section */
		47535B6823EEDA8E009B2038 /* TheMoviesDB */ = {
			isa = PBXNativeTarget;
			buildConfigurationList = 47535B8223EEDA90009B2038 /* Build configuration list for PBXNativeTarget "TheMoviesDB" */;
			buildPhases = (
				47535B6523EEDA8E009B2038 /* Sources */,
				47535B6623EEDA8E009B2038 /* Frameworks */,
				47535B6723EEDA8E009B2038 /* Resources */,
			);
			buildRules = (
			);
			dependencies = (
			);
			name = TheMoviesDB;
			productName = TheMoviesDB;
			productReference = 47535B6923EEDA8E009B2038 /* TheMoviesDB.app */;
			productType = "com.apple.product-type.application";
		};
/* End PBXNativeTarget section */

/* Begin PBXProject section */
		47535B6123EEDA8E009B2038 /* Project object */ = {
			isa = PBXProject;
			attributes = {
				LastUpgradeCheck = 1130;
				ORGANIZATIONNAME = "Anna Słupska";
				TargetAttributes = {
					47535B6823EEDA8E009B2038 = {
						CreatedOnToolsVersion = 11.3.1;
					};
				};
			};
			buildConfigurationList = 47535B6423EEDA8E009B2038 /* Build configuration list for PBXProject "TheMoviesDB" */;
			compatibilityVersion = "Xcode 9.3";
			developmentRegion = en;
			hasScannedForEncodings = 0;
			knownRegions = (
				en,
				Base,
			);
			mainGroup = 47535B6023EEDA8E009B2038;
			productRefGroup = 47535B6A23EEDA8E009B2038 /* Products */;
			projectDirPath = "";
			projectRoot = "";
			targets = (
				47535B6823EEDA8E009B2038 /* TheMoviesDB */,
			);
		};
/* End PBXProject section */

/* Begin PBXResourcesBuildPhase section */
		47535B6723EEDA8E009B2038 /* Resources */ = {
			isa = PBXResourcesBuildPhase;
			buildActionMask = 2147483647;
			files = (
				47535BBF23EEDD62009B2038 /* Main.storyboard in Resources */,
				47535B7923EEDA90009B2038 /* Assets.xcassets in Resources */,
				47535BBE23EEDD62009B2038 /* LaunchScreen.storyboard in Resources */,
			);
			runOnlyForDeploymentPostprocessing = 0;
		};
/* End PBXResourcesBuildPhase section */

/* Begin PBXSourcesBuildPhase section */
		47535B6523EEDA8E009B2038 /* Sources */ = {
			isa = PBXSourcesBuildPhase;
			buildActionMask = 2147483647;
			files = (
				47535B8D23EEDCB5009B2038 /* AppDelegate.m in Sources */,
				471DB80223F00C4E0052DBE0 /* TMDBJSONParser.m in Sources */,
				47535B9123EEDCC4009B2038 /* TMDBListViewController.m in Sources */,
				471DB7FE23F005FC0052DBE0 /* APIEntryError.m in Sources */,
				47535BCE23EF2E40009B2038 /* TMDBBaseResponse.m in Sources */,
				47535BC523EEF43E009B2038 /* TMDBNowPlayingResponse.m in Sources */,
				471DB7FA23EF73710052DBE0 /* APIManager.m in Sources */,
				47535BCB23EEF9F4009B2038 /* TMDBSearchResponse.m in Sources */,
				47535BC223EEE1FB009B2038 /* TMDBMovie.m in Sources */,
				471DB80C23F0BB580052DBE0 /* TMDBaseModel.m in Sources */,
				471DB81223F15B660052DBE0 /* APIHelper.m in Sources */,
				47535B8E23EEDCB5009B2038 /* SceneDelegate.m in Sources */,
				47535B7F23EEDA90009B2038 /* main.m in Sources */,
				47535BC823EEF5D0009B2038 /* TMDBDate.m in Sources */,
			);
			runOnlyForDeploymentPostprocessing = 0;
		};
/* End PBXSourcesBuildPhase section */

/* Begin PBXVariantGroup section */
		47535BBA23EEDD62009B2038 /* LaunchScreen.storyboard */ = {
			isa = PBXVariantGroup;
			children = (
				47535BBB23EEDD62009B2038 /* Base */,
			);
			name = LaunchScreen.storyboard;
			sourceTree = "<group>";
		};
		47535BBC23EEDD62009B2038 /* Main.storyboard */ = {
			isa = PBXVariantGroup;
			children = (
				47535BBD23EEDD62009B2038 /* Base */,
			);
			name = Main.storyboard;
			sourceTree = "<group>";
		};
/* End PBXVariantGroup section */

/* Begin XCBuildConfiguration section */
		47535B8023EEDA90009B2038 /* Debug */ = {
			isa = XCBuildConfiguration;
			buildSettings = {
				ALWAYS_SEARCH_USER_PATHS = NO;
				CLANG_ANALYZER_NONNULL = YES;
				CLANG_ANALYZER_NUMBER_OBJECT_CONVERSION = YES_AGGRESSIVE;
				CLANG_CXX_LANGUAGE_STANDARD = "gnu++14";
				CLANG_CXX_LIBRARY = "libc++";
				CLANG_ENABLE_MODULES = YES;
				CLANG_ENABLE_OBJC_ARC = YES;
				CLANG_ENABLE_OBJC_WEAK = YES;
				CLANG_WARN_BLOCK_CAPTURE_AUTORELEASING = YES;
				CLANG_WARN_BOOL_CONVERSION = YES;
				CLANG_WARN_COMMA = YES;
				CLANG_WARN_CONSTANT_CONVERSION = YES;
				CLANG_WARN_DEPRECATED_OBJC_IMPLEMENTATIONS = YES;
				CLANG_WARN_DIRECT_OBJC_ISA_USAGE = YES_ERROR;
				CLANG_WARN_DOCUMENTATION_COMMENTS = YES;
				CLANG_WARN_EMPTY_BODY = YES;
				CLANG_WARN_ENUM_CONVERSION = YES;
				CLANG_WARN_INFINITE_RECURSION = YES;
				CLANG_WARN_INT_CONVERSION = YES;
				CLANG_WARN_NON_LITERAL_NULL_CONVERSION = YES;
				CLANG_WARN_OBJC_IMPLICIT_RETAIN_SELF = YES;
				CLANG_WARN_OBJC_LITERAL_CONVERSION = YES;
				CLANG_WARN_OBJC_ROOT_CLASS = YES_ERROR;
				CLANG_WARN_RANGE_LOOP_ANALYSIS = YES;
				CLANG_WARN_STRICT_PROTOTYPES = YES;
				CLANG_WARN_SUSPICIOUS_MOVE = YES;
				CLANG_WARN_UNGUARDED_AVAILABILITY = YES_AGGRESSIVE;
				CLANG_WARN_UNREACHABLE_CODE = YES;
				CLANG_WARN__DUPLICATE_METHOD_MATCH = YES;
				COPY_PHASE_STRIP = NO;
				DEBUG_INFORMATION_FORMAT = dwarf;
				ENABLE_STRICT_OBJC_MSGSEND = YES;
				ENABLE_TESTABILITY = YES;
				GCC_C_LANGUAGE_STANDARD = gnu11;
				GCC_DYNAMIC_NO_PIC = NO;
				GCC_NO_COMMON_BLOCKS = YES;
				GCC_OPTIMIZATION_LEVEL = 0;
				GCC_PREPROCESSOR_DEFINITIONS = (
					"DEBUG=1",
					"$(inherited)",
				);
				GCC_WARN_64_TO_32_BIT_CONVERSION = YES;
				GCC_WARN_ABOUT_RETURN_TYPE = YES_ERROR;
				GCC_WARN_UNDECLARED_SELECTOR = YES;
				GCC_WARN_UNINITIALIZED_AUTOS = YES_AGGRESSIVE;
				GCC_WARN_UNUSED_FUNCTION = YES;
				GCC_WARN_UNUSED_VARIABLE = YES;
				IPHONEOS_DEPLOYMENT_TARGET = 13.2;
				MTL_ENABLE_DEBUG_INFO = INCLUDE_SOURCE;
				MTL_FAST_MATH = YES;
				ONLY_ACTIVE_ARCH = YES;
				SDKROOT = iphoneos;
			};
			name = Debug;
		};
		47535B8123EEDA90009B2038 /* Release */ = {
			isa = XCBuildConfiguration;
			buildSettings = {
				ALWAYS_SEARCH_USER_PATHS = NO;
				CLANG_ANALYZER_NONNULL = YES;
				CLANG_ANALYZER_NUMBER_OBJECT_CONVERSION = YES_AGGRESSIVE;
				CLANG_CXX_LANGUAGE_STANDARD = "gnu++14";
				CLANG_CXX_LIBRARY = "libc++";
				CLANG_ENABLE_MODULES = YES;
				CLANG_ENABLE_OBJC_ARC = YES;
				CLANG_ENABLE_OBJC_WEAK = YES;
				CLANG_WARN_BLOCK_CAPTURE_AUTORELEASING = YES;
				CLANG_WARN_BOOL_CONVERSION = YES;
				CLANG_WARN_COMMA = YES;
				CLANG_WARN_CONSTANT_CONVERSION = YES;
				CLANG_WARN_DEPRECATED_OBJC_IMPLEMENTATIONS = YES;
				CLANG_WARN_DIRECT_OBJC_ISA_USAGE = YES_ERROR;
				CLANG_WARN_DOCUMENTATION_COMMENTS = YES;
				CLANG_WARN_EMPTY_BODY = YES;
				CLANG_WARN_ENUM_CONVERSION = YES;
				CLANG_WARN_INFINITE_RECURSION = YES;
				CLANG_WARN_INT_CONVERSION = YES;
				CLANG_WARN_NON_LITERAL_NULL_CONVERSION = YES;
				CLANG_WARN_OBJC_IMPLICIT_RETAIN_SELF = YES;
				CLANG_WARN_OBJC_LITERAL_CONVERSION = YES;
				CLANG_WARN_OBJC_ROOT_CLASS = YES_ERROR;
				CLANG_WARN_RANGE_LOOP_ANALYSIS = YES;
				CLANG_WARN_STRICT_PROTOTYPES = YES;
				CLANG_WARN_SUSPICIOUS_MOVE = YES;
				CLANG_WARN_UNGUARDED_AVAILABILITY = YES_AGGRESSIVE;
				CLANG_WARN_UNREACHABLE_CODE = YES;
				CLANG_WARN__DUPLICATE_METHOD_MATCH = YES;
				COPY_PHASE_STRIP = NO;
				DEBUG_INFORMATION_FORMAT = "dwarf-with-dsym";
				ENABLE_NS_ASSERTIONS = NO;
				ENABLE_STRICT_OBJC_MSGSEND = YES;
				GCC_C_LANGUAGE_STANDARD = gnu11;
				GCC_NO_COMMON_BLOCKS = YES;
				GCC_WARN_64_TO_32_BIT_CONVERSION = YES;
				GCC_WARN_ABOUT_RETURN_TYPE = YES_ERROR;
				GCC_WARN_UNDECLARED_SELECTOR = YES;
				GCC_WARN_UNINITIALIZED_AUTOS = YES_AGGRESSIVE;
				GCC_WARN_UNUSED_FUNCTION = YES;
				GCC_WARN_UNUSED_VARIABLE = YES;
				IPHONEOS_DEPLOYMENT_TARGET = 13.2;
				MTL_ENABLE_DEBUG_INFO = NO;
				MTL_FAST_MATH = YES;
				SDKROOT = iphoneos;
				VALIDATE_PRODUCT = YES;
			};
			name = Release;
		};
		47535B8323EEDA90009B2038 /* Debug */ = {
			isa = XCBuildConfiguration;
			buildSettings = {
				ASSETCATALOG_COMPILER_APPICON_NAME = AppIcon;
				CODE_SIGN_STYLE = Manual;
				DEVELOPMENT_TEAM = "";
				INFOPLIST_FILE = "TheMoviesDB/Supporting Files/Info.plist";
				IPHONEOS_DEPLOYMENT_TARGET = 10.0;
				LD_RUNPATH_SEARCH_PATHS = (
					"$(inherited)",
					"@executable_path/Frameworks",
				);
				PRODUCT_BUNDLE_IDENTIFIER = pl.annaslupska.TheMoviesDB;
				PRODUCT_NAME = "$(TARGET_NAME)";
				PROVISIONING_PROFILE_SPECIFIER = "";
				TARGETED_DEVICE_FAMILY = "1,2";
			};
			name = Debug;
		};
		47535B8423EEDA90009B2038 /* Release */ = {
			isa = XCBuildConfiguration;
			buildSettings = {
				ASSETCATALOG_COMPILER_APPICON_NAME = AppIcon;
				CODE_SIGN_STYLE = Manual;
				DEVELOPMENT_TEAM = "";
				INFOPLIST_FILE = "TheMoviesDB/Supporting Files/Info.plist";
				IPHONEOS_DEPLOYMENT_TARGET = 10.0;
				LD_RUNPATH_SEARCH_PATHS = (
					"$(inherited)",
					"@executable_path/Frameworks",
				);
				PRODUCT_BUNDLE_IDENTIFIER = pl.annaslupska.TheMoviesDB;
				PRODUCT_NAME = "$(TARGET_NAME)";
				PROVISIONING_PROFILE_SPECIFIER = "";
				TARGETED_DEVICE_FAMILY = "1,2";
			};
			name = Release;
		};
/* End XCBuildConfiguration section */

/* Begin XCConfigurationList section */
		47535B6423EEDA8E009B2038 /* Build configuration list for PBXProject "TheMoviesDB" */ = {
			isa = XCConfigurationList;
			buildConfigurations = (
				47535B8023EEDA90009B2038 /* Debug */,
				47535B8123EEDA90009B2038 /* Release */,
			);
			defaultConfigurationIsVisible = 0;
			defaultConfigurationName = Release;
		};
		47535B8223EEDA90009B2038 /* Build configuration list for PBXNativeTarget "TheMoviesDB" */ = {
			isa = XCConfigurationList;
			buildConfigurations = (
				47535B8323EEDA90009B2038 /* Debug */,
				47535B8423EEDA90009B2038 /* Release */,
			);
			defaultConfigurationIsVisible = 0;
			defaultConfigurationName = Release;
		};
/* End XCConfigurationList section */
	};
	rootObject = 47535B6123EEDA8E009B2038 /* Project object */;
}
